
Microsoft Visual Studio Solution File, Format Version 12.00
# Visual Studio Version 16
VisualStudioVersion = 16.0.31112.23
MinimumVisualStudioVersion = 10.0.40219.1
Project("{FAE04EC0-301F-11D3-BF4B-00C04F79EFBC}") = "LeQuangDuy181203460", "LeQuangDuy181203460\LeQuangDuy181203460.csproj", "{62C85A79-F3F4-4966-9D23-707C0EFAE910}"
EndProject
Global
	GlobalSection(SolutionConfigurationPlatforms) = preSolution
		Debug|Any CPU = Debug|Any CPU
		Release|Any CPU = Release|Any CPU
	EndGlobalSection
	GlobalSection(ProjectConfigurationPlatforms) = postSolution
		{62C85A79-F3F4-4966-9D23-707C0EFAE910}.Debug|Any CPU.ActiveCfg = Debug|Any CPU
		{62C85A79-F3F4-4966-9D23-707C0EFAE910}.Debug|Any CPU.Build.0 = Debug|Any CPU
		{62C85A79-F3F4-4966-9D23-707C0EFAE910}.Release|Any CPU.ActiveCfg = Release|Any CPU
		{62C85A79-F3F4-4966-9D23-707C0EFAE910}.Release|Any CPU.Build.0 = Release|Any CPU
	EndGlobalSection
	GlobalSection(SolutionProperties) = preSolution
		HideSolutionNode = FALSE
	EndGlobalSection
	GlobalSection(ExtensibilityGlobals) = postSolution
		SolutionGuid = {F1AE56EA-98CF-4A49-AAED-96938BD9737C}
	EndGlobalSection
EndGlobal
