
Microsoft Visual Studio Solution File, Format Version 12.00
# Visual Studio Version 16
VisualStudioVersion = 16.0.31019.35
MinimumVisualStudioVersion = 10.0.40219.1
Project("{FAE04EC0-301F-11D3-BF4B-00C04F79EFBC}") = "Model", "Model\Model.csproj", "{3683DDFE-1920-4FEC-B3CD-F88BDE14EBB2}"
EndProject
Global
	GlobalSection(SolutionConfigurationPlatforms) = preSolution
		Debug|Any CPU = Debug|Any CPU
		Release|Any CPU = Release|Any CPU
	EndGlobalSection
	GlobalSection(ProjectConfigurationPlatforms) = postSolution
		{3683DDFE-1920-4FEC-B3CD-F88BDE14EBB2}.Debug|Any CPU.ActiveCfg = Debug|Any CPU
		{3683DDFE-1920-4FEC-B3CD-F88BDE14EBB2}.Debug|Any CPU.Build.0 = Debug|Any CPU
		{3683DDFE-1920-4FEC-B3CD-F88BDE14EBB2}.Release|Any CPU.ActiveCfg = Release|Any CPU
		{3683DDFE-1920-4FEC-B3CD-F88BDE14EBB2}.Release|Any CPU.Build.0 = Release|Any CPU
	EndGlobalSection
	GlobalSection(SolutionProperties) = preSolution
		HideSolutionNode = FALSE
	EndGlobalSection
	GlobalSection(ExtensibilityGlobals) = postSolution
		SolutionGuid = {D90F8FAB-4F13-4095-9954-7403A435FC5D}
	EndGlobalSection
EndGlobal
