
Microsoft Visual Studio Solution File, Format Version 12.00
# Visual Studio Version 16
VisualStudioVersion = 16.0.30907.101
MinimumVisualStudioVersion = 10.0.40219.1
Project("{FAE04EC0-301F-11D3-BF4B-00C04F79EFBC}") = "HelloASP", "HelloASP\HelloASP.csproj", "{EB0CCC60-FFFE-4274-9EB1-5AEC11F3CB66}"
EndProject
Project("{2150E333-8FDC-42A3-9474-1A3956D46DE8}") = "Solution Items", "Solution Items", "{7D3DB7FB-8C2C-4BB8-B058-B8AA258BF4E7}"
	ProjectSection(SolutionItems) = preProject
		.editorconfig = .editorconfig
	EndProjectSection
EndProject
Global
	GlobalSection(SolutionConfigurationPlatforms) = preSolution
		Debug|Any CPU = Debug|Any CPU
		Release|Any CPU = Release|Any CPU
	EndGlobalSection
	GlobalSection(ProjectConfigurationPlatforms) = postSolution
		{EB0CCC60-FFFE-4274-9EB1-5AEC11F3CB66}.Debug|Any CPU.ActiveCfg = Debug|Any CPU
		{EB0CCC60-FFFE-4274-9EB1-5AEC11F3CB66}.Debug|Any CPU.Build.0 = Debug|Any CPU
		{EB0CCC60-FFFE-4274-9EB1-5AEC11F3CB66}.Release|Any CPU.ActiveCfg = Release|Any CPU
		{EB0CCC60-FFFE-4274-9EB1-5AEC11F3CB66}.Release|Any CPU.Build.0 = Release|Any CPU
	EndGlobalSection
	GlobalSection(SolutionProperties) = preSolution
		HideSolutionNode = FALSE
	EndGlobalSection
	GlobalSection(ExtensibilityGlobals) = postSolution
		SolutionGuid = {B078AE38-4715-4B4F-BBC5-A3928F739D6F}
	EndGlobalSection
EndGlobal
